
Microsoft Visual Studio Solution File, Format Version 12.00
# Visual Studio 15
VisualStudioVersion = 15.0.28307.1525
MinimumVisualStudioVersion = 10.0.40219.1
Project("{FAE04EC0-301F-11D3-BF4B-00C04F79EFBC}") = "PasswordGenerator", "PasswordGenerator\PasswordGenerator.csproj", "{006777B1-5F88-4B63-BC01-B22FCA7D3930}"
EndProject
Global
	GlobalSection(SolutionConfigurationPlatforms) = preSolution
		Debug|Any CPU = Debug|Any CPU
		Release|Any CPU = Release|Any CPU
	EndGlobalSection
	GlobalSection(ProjectConfigurationPlatforms) = postSolution
		{006777B1-5F88-4B63-BC01-B22FCA7D3930}.Debug|Any CPU.ActiveCfg = Debug|Any CPU
		{006777B1-5F88-4B63-BC01-B22FCA7D3930}.Debug|Any CPU.Build.0 = Debug|Any CPU
		{006777B1-5F88-4B63-BC01-B22FCA7D3930}.Release|Any CPU.ActiveCfg = Release|Any CPU
		{006777B1-5F88-4B63-BC01-B22FCA7D3930}.Release|Any CPU.Build.0 = Release|Any CPU
	EndGlobalSection
	GlobalSection(SolutionProperties) = preSolution
		HideSolutionNode = FALSE
	EndGlobalSection
	GlobalSection(ExtensibilityGlobals) = postSolution
		SolutionGuid = {B66FC426-BAFC-464A-A61D-4F2C193201D0}
	EndGlobalSection
EndGlobal
